
Microsoft Visual Studio Solution File, Format Version 12.00
# Visual Studio 15
Project("{FAE04EC0-301F-11D3-BF4B-00C04F79EFBC}") = "Assembly-CSharp", "Assembly-CSharp.csproj", "{98D0B290-2F5E-D303-F502-E7B46C77A359}"
EndProject
Project("{FAE04EC0-301F-11D3-BF4B-00C04F79EFBC}") = "Assembly-CSharp-Editor", "Assembly-CSharp-Editor.csproj", "{044EA383-B0C8-C50C-F616-F8AD4499C50A}"
EndProject
Global
	GlobalSection(SolutionConfigurationPlatforms) = preSolution
		Debug|Any CPU = Debug|Any CPU
		Release|Any CPU = Release|Any CPU
	EndGlobalSection
	GlobalSection(ProjectConfigurationPlatforms) = postSolution
		{98D0B290-2F5E-D303-F502-E7B46C77A359}.Debug|Any CPU.ActiveCfg = Debug|Any CPU
		{98D0B290-2F5E-D303-F502-E7B46C77A359}.Debug|Any CPU.Build.0 = Debug|Any CPU
		{98D0B290-2F5E-D303-F502-E7B46C77A359}.Release|Any CPU.ActiveCfg = Release|Any CPU
		{98D0B290-2F5E-D303-F502-E7B46C77A359}.Release|Any CPU.Build.0 = Release|Any CPU
		{044EA383-B0C8-C50C-F616-F8AD4499C50A}.Debug|Any CPU.ActiveCfg = Debug|Any CPU
		{044EA383-B0C8-C50C-F616-F8AD4499C50A}.Debug|Any CPU.Build.0 = Debug|Any CPU
		{044EA383-B0C8-C50C-F616-F8AD4499C50A}.Release|Any CPU.ActiveCfg = Release|Any CPU
		{044EA383-B0C8-C50C-F616-F8AD4499C50A}.Release|Any CPU.Build.0 = Release|Any CPU
	EndGlobalSection
	GlobalSection(SolutionProperties) = preSolution
		HideSolutionNode = FALSE
	EndGlobalSection
EndGlobal
